# This file is automatically @generated by Cargo.
# It is not intended for manual editing.
[[package]]
name = "artest"
version = "0.3.0"
source = "registry+https://github.com/rust-lang/crates.io-index"
checksum = "9bddb0ca74ff507b5b687edf75b9fc2244c7e4f73527d427b401267663edaa54"

[[package]]
name = "use_art"
version = "0.1.0"
dependencies = [
 "artest",
]
