# This file is automatically @generated by Cargo.
# It is not intended for manual editing.
[[package]]
name = "artest"
version = "0.2.0"
source = "registry+https://github.com/rust-lang/crates.io-index"
checksum = "52a64e3da5e2b93ebd9be93186309360d905ec99df359f4a41e573f97a44c457"

[[package]]
name = "use_art"
version = "0.1.0"
dependencies = [
 "artest",
]
