# This file is automatically @generated by Cargo.
# It is not intended for manual editing.
[[package]]
name = "artest"
version = "0.1.0"
source = "registry+https://github.com/rust-lang/crates.io-index"
checksum = "de9190a73966b450c49d902bee2329007e52b20e3ecb376f84460ae9517a9eaa"

[[package]]
name = "use_art"
version = "0.1.0"
dependencies = [
 "artest",
]
